
Microsoft Visual Studio Solution File, Format Version 12.00
# Visual Studio Version 17
VisualStudioVersion = 17.2.32505.173
MinimumVisualStudioVersion = 10.0.40219.1
Project("{888888A0-9F3D-457C-B088-3A5042F75D52}") = "restaurant menu", "restaurant menu.pyproj", "{9CDE8108-93EF-4320-82D4-C0DBF78FE034}"
EndProject
Global
	GlobalSection(SolutionConfigurationPlatforms) = preSolution
		Debug|Any CPU = Debug|Any CPU
		Release|Any CPU = Release|Any CPU
	EndGlobalSection
	GlobalSection(ProjectConfigurationPlatforms) = postSolution
		{9CDE8108-93EF-4320-82D4-C0DBF78FE034}.Debug|Any CPU.ActiveCfg = Debug|Any CPU
		{9CDE8108-93EF-4320-82D4-C0DBF78FE034}.Release|Any CPU.ActiveCfg = Release|Any CPU
	EndGlobalSection
	GlobalSection(SolutionProperties) = preSolution
		HideSolutionNode = FALSE
	EndGlobalSection
	GlobalSection(ExtensibilityGlobals) = postSolution
		SolutionGuid = {33B624CB-63D1-489F-998C-75A96058018C}
	EndGlobalSection
EndGlobal
